
Microsoft Visual Studio Solution File, Format Version 12.00
# Visual Studio Version 16
VisualStudioVersion = 16.0.31205.134
MinimumVisualStudioVersion = 10.0.40219.1
Project("{FAE04EC0-301F-11D3-BF4B-00C04F79EFBC}") = "LostFocus", "LostFocus\LostFocus.csproj", "{4956453C-4678-4741-8CC1-75D888EDA461}"
EndProject
Global
	GlobalSection(SolutionConfigurationPlatforms) = preSolution
		Debug|Any CPU = Debug|Any CPU
		Release|Any CPU = Release|Any CPU
	EndGlobalSection
	GlobalSection(ProjectConfigurationPlatforms) = postSolution
		{4956453C-4678-4741-8CC1-75D888EDA461}.Debug|Any CPU.ActiveCfg = Debug|Any CPU
		{4956453C-4678-4741-8CC1-75D888EDA461}.Debug|Any CPU.Build.0 = Debug|Any CPU
		{4956453C-4678-4741-8CC1-75D888EDA461}.Release|Any CPU.ActiveCfg = Release|Any CPU
		{4956453C-4678-4741-8CC1-75D888EDA461}.Release|Any CPU.Build.0 = Release|Any CPU
	EndGlobalSection
	GlobalSection(SolutionProperties) = preSolution
		HideSolutionNode = FALSE
	EndGlobalSection
	GlobalSection(ExtensibilityGlobals) = postSolution
		SolutionGuid = {59E1AE9D-8092-467E-B963-678D8BB3F5D3}
	EndGlobalSection
EndGlobal
